<?xml version="1.0" encoding="utf-8"?>
<Project ToolsVersion="4.0" xmlns="http://schemas.microsoft.com/developer/msbuild/2003">
  <ItemGroup>
    <Filter Include="GraphicsEngine">
      <UniqueIdentifier>{e6e15735-cf0f-429c-9399-8cbbe9ff2a3e}</UniqueIdentifier>
    </Filter>
    <Filter Include="App">
      <UniqueIdentifier>{3adf8954-3cea-4e07-b274-f24eba851320}</UniqueIdentifier>
    </Filter>
    <Filter Include="App\Shaders">
      <UniqueIdentifier>{0b7be179-7a75-433c-9a26-bc10594797de}</UniqueIdentifier>
    </Filter>
    <Filter Include="GraphicsEngine\WindowSystem">
      <UniqueIdentifier>{1cc4a94d-22da-43bb-8a9c-5435c98ac073}</UniqueIdentifier>
    </Filter>
    <Filter Include="GraphicsEngine\GUI">
      <UniqueIdentifier>{e62e0483-5117-492e-8860-dd9dc7bae924}</UniqueIdentifier>
    </Filter>
    <Filter Include="GraphicsEngine\GUI\Backend">
      <UniqueIdentifier>{f21d68a6-61f3-4ce4-a76e-f772f66e20db}</UniqueIdentifier>
    </Filter>
    <Filter Include="GraphicsEngine\Timer">
      <UniqueIdentifier>{81eec0f9-c046-4ba6-aced-206cd897a547}</UniqueIdentifier>
    </Filter>
  </ItemGroup>
  <ItemGroup>
    <ClCompile Include="main.cpp">
      <Filter>App</Filter>
    </ClCompile>
    <ClCompile Include="Window.cpp">
      <Filter>GraphicsEngine\WindowSystem</Filter>
    </ClCompile>
    <ClCompile Include="include\imgui\imgui.cpp">
      <Filter>GraphicsEngine\GUI</Filter>
    </ClCompile>
    <ClCompile Include="include\imgui\imgui_demo.cpp">
      <Filter>GraphicsEngine\GUI</Filter>
    </ClCompile>
    <ClCompile Include="include\imgui\imgui_draw.cpp">
      <Filter>GraphicsEngine\GUI</Filter>
    </ClCompile>
    <ClCompile Include="include\imgui\imgui_tables.cpp">
      <Filter>GraphicsEngine\GUI</Filter>
    </ClCompile>
    <ClCompile Include="include\imgui\imgui_widgets.cpp">
      <Filter>GraphicsEngine\GUI</Filter>
    </ClCompile>
    <ClCompile Include="include\imgui\backends\imgui_impl_dx12.cpp">
      <Filter>GraphicsEngine\GUI\Backend</Filter>
    </ClCompile>
    <ClCompile Include="include\imgui\backends\imgui_impl_win32.cpp">
      <Filter>GraphicsEngine\GUI\Backend</Filter>
    </ClCompile>
    <ClCompile Include="ElektronEngine.cpp">
      <Filter>App</Filter>
    </ClCompile>
    <ClCompile Include="ElekGFX.cpp">
      <Filter>GraphicsEngine</Filter>
    </ClCompile>
    <ClCompile Include="ElekTimer.cpp">
      <Filter>GraphicsEngine\Timer</Filter>
    </ClCompile>
  </ItemGroup>
  <ItemGroup>
    <ClInclude Include="Window.h">
      <Filter>GraphicsEngine\WindowSystem</Filter>
    </ClInclude>
    <ClInclude Include="include\imgui\imconfig.h">
      <Filter>GraphicsEngine\GUI</Filter>
    </ClInclude>
    <ClInclude Include="include\imgui\imgui.h">
      <Filter>GraphicsEngine\GUI</Filter>
    </ClInclude>
    <ClInclude Include="include\imgui\imgui_internal.h">
      <Filter>GraphicsEngine\GUI</Filter>
    </ClInclude>
    <ClInclude Include="include\imgui\imstb_rectpack.h">
      <Filter>GraphicsEngine\GUI</Filter>
    </ClInclude>
    <ClInclude Include="include\imgui\imstb_textedit.h">
      <Filter>GraphicsEngine\GUI</Filter>
    </ClInclude>
    <ClInclude Include="include\imgui\imstb_truetype.h">
      <Filter>GraphicsEngine\GUI</Filter>
    </ClInclude>
    <ClInclude Include="include\imgui\backends\imgui_impl_dx12.h">
      <Filter>GraphicsEngine\GUI\Backend</Filter>
    </ClInclude>
    <ClInclude Include="include\imgui\backends\imgui_impl_win32.h">
      <Filter>GraphicsEngine\GUI\Backend</Filter>
    </ClInclude>
    <ClInclude Include="ElekGFX.h">
      <Filter>GraphicsEngine</Filter>
    </ClInclude>
    <ClInclude Include="ElektronEngine.h">
      <Filter>App</Filter>
    </ClInclude>
    <ClInclude Include="d3dx12.h">
      <Filter>GraphicsEngine</Filter>
    </ClInclude>
    <ClInclude Include="ElekTimer.h">
      <Filter>GraphicsEngine\Timer</Filter>
    </ClInclude>
  </ItemGroup>
</Project>